// !$*UTF8*$!
{
	archiveVersion = 1;
	classes = {
	};
	objectVersion = 60;
	objects = {

/* Begin PBXBuildFile section */
		7E712B762DAE31F5002A7449 /* TrustifyClaim in Frameworks */ = {isa = PBXBuildFile; productRef = 7E712B752DAE31F5002A7449 /* TrustifyClaim */; };
		7EB68F612DAE05BA00DA0EDC /* AppDelegate.swift in Sources */ = {isa = PBXBuildFile; fileRef = 7EB68F602DAE05BA00DA0EDC /* AppDelegate.swift */; };
		7EB68F632DAE05BA00DA0EDC /* SceneDelegate.swift in Sources */ = {isa = PBXBuildFile; fileRef = 7EB68F622DAE05BA00DA0EDC /* SceneDelegate.swift */; };
		7EB68F652DAE05BA00DA0EDC /* ViewController.swift in Sources */ = {isa = PBXBuildFile; fileRef = 7EB68F642DAE05BA00DA0EDC /* ViewController.swift */; };
		7EB68F6A2DAE05BC00DA0EDC /* Assets.xcassets in Resources */ = {isa = PBXBuildFile; fileRef = 7EB68F692DAE05BC00DA0EDC /* Assets.xcassets */; };
		7EB68F6D2DAE05BC00DA0EDC /* LaunchScreen.storyboard in Resources */ = {isa = PBXBuildFile; fileRef = 7EB68F6B2DAE05BC00DA0EDC /* LaunchScreen.storyboard */; };
		7EB68F782DAE05BC00DA0EDC /* TrustifyTests.swift in Sources */ = {isa = PBXBuildFile; fileRef = 7EB68F772DAE05BC00DA0EDC /* TrustifyTests.swift */; };
		7EB68F822DAE05BC00DA0EDC /* TrustifyUITests.swift in Sources */ = {isa = PBXBuildFile; fileRef = 7EB68F812DAE05BC00DA0EDC /* TrustifyUITests.swift */; };
		7EB68F842DAE05BC00DA0EDC /* TrustifyUITestsLaunchTests.swift in Sources */ = {isa = PBXBuildFile; fileRef = 7EB68F832DAE05BC00DA0EDC /* TrustifyUITestsLaunchTests.swift */; };
/* End PBXBuildFile section */

/* Begin PBXContainerItemProxy section */
		7EB68F742DAE05BC00DA0EDC /* PBXContainerItemProxy */ = {
			isa = PBXContainerItemProxy;
			containerPortal = 7EB68F552DAE05BA00DA0EDC /* Project object */;
			proxyType = 1;
			remoteGlobalIDString = 7EB68F5C2DAE05BA00DA0EDC;
			remoteInfo = Trustify;
		};
		7EB68F7E2DAE05BC00DA0EDC /* PBXContainerItemProxy */ = {
			isa = PBXContainerItemProxy;
			containerPortal = 7EB68F552DAE05BA00DA0EDC /* Project object */;
			proxyType = 1;
			remoteGlobalIDString = 7EB68F5C2DAE05BA00DA0EDC;
			remoteInfo = Trustify;
		};
/* End PBXContainerItemProxy section */

/* Begin PBXFileReference section */
		7EB68F5D2DAE05BA00DA0EDC /* Trustify.app */ = {isa = PBXFileReference; explicitFileType = wrapper.application; includeInIndex = 0; path = Trustify.app; sourceTree = BUILT_PRODUCTS_DIR; };
		7EB68F602DAE05BA00DA0EDC /* AppDelegate.swift */ = {isa = PBXFileReference; lastKnownFileType = sourcecode.swift; path = AppDelegate.swift; sourceTree = "<group>"; };
		7EB68F622DAE05BA00DA0EDC /* SceneDelegate.swift */ = {isa = PBXFileReference; lastKnownFileType = sourcecode.swift; path = SceneDelegate.swift; sourceTree = "<group>"; };
		7EB68F642DAE05BA00DA0EDC /* ViewController.swift */ = {isa = PBXFileReference; lastKnownFileType = sourcecode.swift; path = ViewController.swift; sourceTree = "<group>"; };
		7EB68F692DAE05BC00DA0EDC /* Assets.xcassets */ = {isa = PBXFileReference; lastKnownFileType = folder.assetcatalog; path = Assets.xcassets; sourceTree = "<group>"; };
		7EB68F6C2DAE05BC00DA0EDC /* Base */ = {isa = PBXFileReference; lastKnownFileType = file.storyboard; name = Base; path = Base.lproj/LaunchScreen.storyboard; sourceTree = "<group>"; };
		7EB68F6E2DAE05BC00DA0EDC /* Info.plist */ = {isa = PBXFileReference; lastKnownFileType = text.plist.xml; path = Info.plist; sourceTree = "<group>"; };
		7EB68F732DAE05BC00DA0EDC /* TrustifyTests.xctest */ = {isa = PBXFileReference; explicitFileType = wrapper.cfbundle; includeInIndex = 0; path = TrustifyTests.xctest; sourceTree = BUILT_PRODUCTS_DIR; };
		7EB68F772DAE05BC00DA0EDC /* TrustifyTests.swift */ = {isa = PBXFileReference; lastKnownFileType = sourcecode.swift; path = TrustifyTests.swift; sourceTree = "<group>"; };
		7EB68F7D2DAE05BC00DA0EDC /* TrustifyUITests.xctest */ = {isa = PBXFileReference; explicitFileType = wrapper.cfbundle; includeInIndex = 0; path = TrustifyUITests.xctest; sourceTree = BUILT_PRODUCTS_DIR; };
		7EB68F812DAE05BC00DA0EDC /* TrustifyUITests.swift */ = {isa = PBXFileReference; lastKnownFileType = sourcecode.swift; path = TrustifyUITests.swift; sourceTree = "<group>"; };
		7EB68F832DAE05BC00DA0EDC /* TrustifyUITestsLaunchTests.swift */ = {isa = PBXFileReference; lastKnownFileType = sourcecode.swift; path = TrustifyUITestsLaunchTests.swift; sourceTree = "<group>"; };
/* End PBXFileReference section */

/* Begin PBXFrameworksBuildPhase section */
		7EB68F5A2DAE05BA00DA0EDC /* Frameworks */ = {
			isa = PBXFrameworksBuildPhase;
			buildActionMask = 2147483647;
			files = (
				7E712B762DAE31F5002A7449 /* TrustifyClaim in Frameworks */,
			);
			runOnlyForDeploymentPostprocessing = 0;
		};
		7EB68F702DAE05BC00DA0EDC /* Frameworks */ = {
			isa = PBXFrameworksBuildPhase;
			buildActionMask = 2147483647;
			files = (
			);
			runOnlyForDeploymentPostprocessing = 0;
		};
		7EB68F7A2DAE05BC00DA0EDC /* Frameworks */ = {
			isa = PBXFrameworksBuildPhase;
			buildActionMask = 2147483647;
			files = (
			);
			runOnlyForDeploymentPostprocessing = 0;
		};
/* End PBXFrameworksBuildPhase section */

/* Begin PBXGroup section */
		7EB68F542DAE05BA00DA0EDC = {
			isa = PBXGroup;
			children = (
				7EB68F5F2DAE05BA00DA0EDC /* Trustify */,
				7EB68F762DAE05BC00DA0EDC /* TrustifyTests */,
				7EB68F802DAE05BC00DA0EDC /* TrustifyUITests */,
				7EB68F5E2DAE05BA00DA0EDC /* Products */,
			);
			sourceTree = "<group>";
		};
		7EB68F5E2DAE05BA00DA0EDC /* Products */ = {
			isa = PBXGroup;
			children = (
				7EB68F5D2DAE05BA00DA0EDC /* Trustify.app */,
				7EB68F732DAE05BC00DA0EDC /* TrustifyTests.xctest */,
				7EB68F7D2DAE05BC00DA0EDC /* TrustifyUITests.xctest */,
			);
			name = Products;
			sourceTree = "<group>";
		};
		7EB68F5F2DAE05BA00DA0EDC /* Trustify */ = {
			isa = PBXGroup;
			children = (
				7EB68F602DAE05BA00DA0EDC /* AppDelegate.swift */,
				7EB68F622DAE05BA00DA0EDC /* SceneDelegate.swift */,
				7EB68F642DAE05BA00DA0EDC /* ViewController.swift */,
				7EB68F692DAE05BC00DA0EDC /* Assets.xcassets */,
				7EB68F6B2DAE05BC00DA0EDC /* LaunchScreen.storyboard */,
				7EB68F6E2DAE05BC00DA0EDC /* Info.plist */,
			);
			path = Trustify;
			sourceTree = "<group>";
		};
		7EB68F762DAE05BC00DA0EDC /* TrustifyTests */ = {
			isa = PBXGroup;
			children = (
				7EB68F772DAE05BC00DA0EDC /* TrustifyTests.swift */,
			);
			path = TrustifyTests;
			sourceTree = "<group>";
		};
		7EB68F802DAE05BC00DA0EDC /* TrustifyUITests */ = {
			isa = PBXGroup;
			children = (
				7EB68F812DAE05BC00DA0EDC /* TrustifyUITests.swift */,
				7EB68F832DAE05BC00DA0EDC /* TrustifyUITestsLaunchTests.swift */,
			);
			path = TrustifyUITests;
			sourceTree = "<group>";
		};
/* End PBXGroup section */

/* Begin PBXNativeTarget section */
		7EB68F5C2DAE05BA00DA0EDC /* Trustify */ = {
			isa = PBXNativeTarget;
			buildConfigurationList = 7EB68F872DAE05BC00DA0EDC /* Build configuration list for PBXNativeTarget "Trustify" */;
			buildPhases = (
				7EB68F592DAE05BA00DA0EDC /* Sources */,
				7EB68F5A2DAE05BA00DA0EDC /* Frameworks */,
				7EB68F5B2DAE05BA00DA0EDC /* Resources */,
			);
			buildRules = (
			);
			dependencies = (
			);
			name = Trustify;
			packageProductDependencies = (
				7E712B752DAE31F5002A7449 /* TrustifyClaim */,
			);
			productName = Trustify;
			productReference = 7EB68F5D2DAE05BA00DA0EDC /* Trustify.app */;
			productType = "com.apple.product-type.application";
		};
		7EB68F722DAE05BC00DA0EDC /* TrustifyTests */ = {
			isa = PBXNativeTarget;
			buildConfigurationList = 7EB68F8A2DAE05BC00DA0EDC /* Build configuration list for PBXNativeTarget "TrustifyTests" */;
			buildPhases = (
				7EB68F6F2DAE05BC00DA0EDC /* Sources */,
				7EB68F702DAE05BC00DA0EDC /* Frameworks */,
				7EB68F712DAE05BC00DA0EDC /* Resources */,
			);
			buildRules = (
			);
			dependencies = (
				7EB68F752DAE05BC00DA0EDC /* PBXTargetDependency */,
			);
			name = TrustifyTests;
			productName = TrustifyTests;
			productReference = 7EB68F732DAE05BC00DA0EDC /* TrustifyTests.xctest */;
			productType = "com.apple.product-type.bundle.unit-test";
		};
		7EB68F7C2DAE05BC00DA0EDC /* TrustifyUITests */ = {
			isa = PBXNativeTarget;
			buildConfigurationList = 7EB68F8D2DAE05BC00DA0EDC /* Build configuration list for PBXNativeTarget "TrustifyUITests" */;
			buildPhases = (
				7EB68F792DAE05BC00DA0EDC /* Sources */,
				7EB68F7A2DAE05BC00DA0EDC /* Frameworks */,
				7EB68F7B2DAE05BC00DA0EDC /* Resources */,
			);
			buildRules = (
			);
			dependencies = (
				7EB68F7F2DAE05BC00DA0EDC /* PBXTargetDependency */,
			);
			name = TrustifyUITests;
			productName = TrustifyUITests;
			productReference = 7EB68F7D2DAE05BC00DA0EDC /* TrustifyUITests.xctest */;
			productType = "com.apple.product-type.bundle.ui-testing";
		};
/* End PBXNativeTarget section */

/* Begin PBXProject section */
		7EB68F552DAE05BA00DA0EDC /* Project object */ = {
			isa = PBXProject;
			attributes = {
				BuildIndependentTargetsInParallel = 1;
				LastSwiftUpdateCheck = 1520;
				LastUpgradeCheck = 1520;
				TargetAttributes = {
					7EB68F5C2DAE05BA00DA0EDC = {
						CreatedOnToolsVersion = 15.2;
					};
					7EB68F722DAE05BC00DA0EDC = {
						CreatedOnToolsVersion = 15.2;
						TestTargetID = 7EB68F5C2DAE05BA00DA0EDC;
					};
					7EB68F7C2DAE05BC00DA0EDC = {
						CreatedOnToolsVersion = 15.2;
						TestTargetID = 7EB68F5C2DAE05BA00DA0EDC;
					};
				};
			};
			buildConfigurationList = 7EB68F582DAE05BA00DA0EDC /* Build configuration list for PBXProject "Trustify" */;
			compatibilityVersion = "Xcode 14.0";
			developmentRegion = en;
			hasScannedForEncodings = 0;
			knownRegions = (
				en,
				Base,
			);
			mainGroup = 7EB68F542DAE05BA00DA0EDC;
			packageReferences = (
				7E4452112DAE2E1600A47160 /* XCLocalSwiftPackageReference "../trustify-claim" */,
			);
			productRefGroup = 7EB68F5E2DAE05BA00DA0EDC /* Products */;
			projectDirPath = "";
			projectRoot = "";
			targets = (
				7EB68F5C2DAE05BA00DA0EDC /* Trustify */,
				7EB68F722DAE05BC00DA0EDC /* TrustifyTests */,
				7EB68F7C2DAE05BC00DA0EDC /* TrustifyUITests */,
			);
		};
/* End PBXProject section */

/* Begin PBXResourcesBuildPhase section */
		7EB68F5B2DAE05BA00DA0EDC /* Resources */ = {
			isa = PBXResourcesBuildPhase;
			buildActionMask = 2147483647;
			files = (
				7EB68F6D2DAE05BC00DA0EDC /* LaunchScreen.storyboard in Resources */,
				7EB68F6A2DAE05BC00DA0EDC /* Assets.xcassets in Resources */,
			);
			runOnlyForDeploymentPostprocessing = 0;
		};
		7EB68F712DAE05BC00DA0EDC /* Resources */ = {
			isa = PBXResourcesBuildPhase;
			buildActionMask = 2147483647;
			files = (
			);
			runOnlyForDeploymentPostprocessing = 0;
		};
		7EB68F7B2DAE05BC00DA0EDC /* Resources */ = {
			isa = PBXResourcesBuildPhase;
			buildActionMask = 2147483647;
			files = (
			);
			runOnlyForDeploymentPostprocessing = 0;
		};
/* End PBXResourcesBuildPhase section */

/* Begin PBXSourcesBuildPhase section */
		7EB68F592DAE05BA00DA0EDC /* Sources */ = {
			isa = PBXSourcesBuildPhase;
			buildActionMask = 2147483647;
			files = (
				7EB68F652DAE05BA00DA0EDC /* ViewController.swift in Sources */,
				7EB68F612DAE05BA00DA0EDC /* AppDelegate.swift in Sources */,
				7EB68F632DAE05BA00DA0EDC /* SceneDelegate.swift in Sources */,
			);
			runOnlyForDeploymentPostprocessing = 0;
		};
		7EB68F6F2DAE05BC00DA0EDC /* Sources */ = {
			isa = PBXSourcesBuildPhase;
			buildActionMask = 2147483647;
			files = (
				7EB68F782DAE05BC00DA0EDC /* TrustifyTests.swift in Sources */,
			);
			runOnlyForDeploymentPostprocessing = 0;
		};
		7EB68F792DAE05BC00DA0EDC /* Sources */ = {
			isa = PBXSourcesBuildPhase;
			buildActionMask = 2147483647;
			files = (
				7EB68F842DAE05BC00DA0EDC /* TrustifyUITestsLaunchTests.swift in Sources */,
				7EB68F822DAE05BC00DA0EDC /* TrustifyUITests.swift in Sources */,
			);
			runOnlyForDeploymentPostprocessing = 0;
		};
/* End PBXSourcesBuildPhase section */

/* Begin PBXTargetDependency section */
		7EB68F752DAE05BC00DA0EDC /* PBXTargetDependency */ = {
			isa = PBXTargetDependency;
			target = 7EB68F5C2DAE05BA00DA0EDC /* Trustify */;
			targetProxy = 7EB68F742DAE05BC00DA0EDC /* PBXContainerItemProxy */;
		};
		7EB68F7F2DAE05BC00DA0EDC /* PBXTargetDependency */ = {
			isa = PBXTargetDependency;
			target = 7EB68F5C2DAE05BA00DA0EDC /* Trustify */;
			targetProxy = 7EB68F7E2DAE05BC00DA0EDC /* PBXContainerItemProxy */;
		};
/* End PBXTargetDependency section */

/* Begin PBXVariantGroup section */
		7EB68F6B2DAE05BC00DA0EDC /* LaunchScreen.storyboard */ = {
			isa = PBXVariantGroup;
			children = (
				7EB68F6C2DAE05BC00DA0EDC /* Base */,
			);
			name = LaunchScreen.storyboard;
			sourceTree = "<group>";
		};
/* End PBXVariantGroup section */

/* Begin XCBuildConfiguration section */
		7EB68F852DAE05BC00DA0EDC /* Debug */ = {
			isa = XCBuildConfiguration;
			buildSettings = {
				ALWAYS_SEARCH_USER_PATHS = NO;
				ASSETCATALOG_COMPILER_GENERATE_SWIFT_ASSET_SYMBOL_EXTENSIONS = YES;
				CLANG_ANALYZER_NONNULL = YES;
				CLANG_ANALYZER_NUMBER_OBJECT_CONVERSION = YES_AGGRESSIVE;
				CLANG_CXX_LANGUAGE_STANDARD = "gnu++20";
				CLANG_ENABLE_MODULES = YES;
				CLANG_ENABLE_OBJC_ARC = YES;
				CLANG_ENABLE_OBJC_WEAK = YES;
				CLANG_WARN_BLOCK_CAPTURE_AUTORELEASING = YES;
				CLANG_WARN_BOOL_CONVERSION = YES;
				CLANG_WARN_COMMA = YES;
				CLANG_WARN_CONSTANT_CONVERSION = YES;
				CLANG_WARN_DEPRECATED_OBJC_IMPLEMENTATIONS = YES;
				CLANG_WARN_DIRECT_OBJC_ISA_USAGE = YES_ERROR;
				CLANG_WARN_DOCUMENTATION_COMMENTS = YES;
				CLANG_WARN_EMPTY_BODY = YES;
				CLANG_WARN_ENUM_CONVERSION = YES;
				CLANG_WARN_INFINITE_RECURSION = YES;
				CLANG_WARN_INT_CONVERSION = YES;
				CLANG_WARN_NON_LITERAL_NULL_CONVERSION = YES;
				CLANG_WARN_OBJC_IMPLICIT_RETAIN_SELF = YES;
				CLANG_WARN_OBJC_LITERAL_CONVERSION = YES;
				CLANG_WARN_OBJC_ROOT_CLASS = YES_ERROR;
				CLANG_WARN_QUOTED_INCLUDE_IN_FRAMEWORK_HEADER = YES;
				CLANG_WARN_RANGE_LOOP_ANALYSIS = YES;
				CLANG_WARN_STRICT_PROTOTYPES = YES;
				CLANG_WARN_SUSPICIOUS_MOVE = YES;
				CLANG_WARN_UNGUARDED_AVAILABILITY = YES_AGGRESSIVE;
				CLANG_WARN_UNREACHABLE_CODE = YES;
				CLANG_WARN__DUPLICATE_METHOD_MATCH = YES;
				COPY_PHASE_STRIP = NO;
				DEBUG_INFORMATION_FORMAT = dwarf;
				ENABLE_STRICT_OBJC_MSGSEND = YES;
				ENABLE_TESTABILITY = YES;
				ENABLE_USER_SCRIPT_SANDBOXING = YES;
				GCC_C_LANGUAGE_STANDARD = gnu17;
				GCC_DYNAMIC_NO_PIC = NO;
				GCC_NO_COMMON_BLOCKS = YES;
				GCC_OPTIMIZATION_LEVEL = 0;
				GCC_PREPROCESSOR_DEFINITIONS = (
					"DEBUG=1",
					"$(inherited)",
				);
				GCC_WARN_64_TO_32_BIT_CONVERSION = YES;
				GCC_WARN_ABOUT_RETURN_TYPE = YES_ERROR;
				GCC_WARN_UNDECLARED_SELECTOR = YES;
				GCC_WARN_UNINITIALIZED_AUTOS = YES_AGGRESSIVE;
				GCC_WARN_UNUSED_FUNCTION = YES;
				GCC_WARN_UNUSED_VARIABLE = YES;
				IPHONEOS_DEPLOYMENT_TARGET = 17.2;
				LOCALIZATION_PREFERS_STRING_CATALOGS = YES;
				MTL_ENABLE_DEBUG_INFO = INCLUDE_SOURCE;
				MTL_FAST_MATH = YES;
				ONLY_ACTIVE_ARCH = YES;
				SDKROOT = iphoneos;
				SWIFT_ACTIVE_COMPILATION_CONDITIONS = "DEBUG $(inherited)";
				SWIFT_OPTIMIZATION_LEVEL = "-Onone";
			};
			name = Debug;
		};
		7EB68F862DAE05BC00DA0EDC /* Release */ = {
			isa = XCBuildConfiguration;
			buildSettings = {
				ALWAYS_SEARCH_USER_PATHS = NO;
				ASSETCATALOG_COMPILER_GENERATE_SWIFT_ASSET_SYMBOL_EXTENSIONS = YES;
				CLANG_ANALYZER_NONNULL = YES;
				CLANG_ANALYZER_NUMBER_OBJECT_CONVERSION = YES_AGGRESSIVE;
				CLANG_CXX_LANGUAGE_STANDARD = "gnu++20";
				CLANG_ENABLE_MODULES = YES;
				CLANG_ENABLE_OBJC_ARC = YES;
				CLANG_ENABLE_OBJC_WEAK = YES;
				CLANG_WARN_BLOCK_CAPTURE_AUTORELEASING = YES;
				CLANG_WARN_BOOL_CONVERSION = YES;
				CLANG_WARN_COMMA = YES;
				CLANG_WARN_CONSTANT_CONVERSION = YES;
				CLANG_WARN_DEPRECATED_OBJC_IMPLEMENTATIONS = YES;
				CLANG_WARN_DIRECT_OBJC_ISA_USAGE = YES_ERROR;
				CLANG_WARN_DOCUMENTATION_COMMENTS = YES;
				CLANG_WARN_EMPTY_BODY = YES;
				CLANG_WARN_ENUM_CONVERSION = YES;
				CLANG_WARN_INFINITE_RECURSION = YES;
				CLANG_WARN_INT_CONVERSION = YES;
				CLANG_WARN_NON_LITERAL_NULL_CONVERSION = YES;
				CLANG_WARN_OBJC_IMPLICIT_RETAIN_SELF = YES;
				CLANG_WARN_OBJC_LITERAL_CONVERSION = YES;
				CLANG_WARN_OBJC_ROOT_CLASS = YES_ERROR;
				CLANG_WARN_QUOTED_INCLUDE_IN_FRAMEWORK_HEADER = YES;
				CLANG_WARN_RANGE_LOOP_ANALYSIS = YES;
				CLANG_WARN_STRICT_PROTOTYPES = YES;
				CLANG_WARN_SUSPICIOUS_MOVE = YES;
				CLANG_WARN_UNGUARDED_AVAILABILITY = YES_AGGRESSIVE;
				CLANG_WARN_UNREACHABLE_CODE = YES;
				CLANG_WARN__DUPLICATE_METHOD_MATCH = YES;
				COPY_PHASE_STRIP = NO;
				DEBUG_INFORMATION_FORMAT = "dwarf-with-dsym";
				ENABLE_NS_ASSERTIONS = NO;
				ENABLE_STRICT_OBJC_MSGSEND = YES;
				ENABLE_USER_SCRIPT_SANDBOXING = YES;
				GCC_C_LANGUAGE_STANDARD = gnu17;
				GCC_NO_COMMON_BLOCKS = YES;
				GCC_WARN_64_TO_32_BIT_CONVERSION = YES;
				GCC_WARN_ABOUT_RETURN_TYPE = YES_ERROR;
				GCC_WARN_UNDECLARED_SELECTOR = YES;
				GCC_WARN_UNINITIALIZED_AUTOS = YES_AGGRESSIVE;
				GCC_WARN_UNUSED_FUNCTION = YES;
				GCC_WARN_UNUSED_VARIABLE = YES;
				IPHONEOS_DEPLOYMENT_TARGET = 17.2;
				LOCALIZATION_PREFERS_STRING_CATALOGS = YES;
				MTL_ENABLE_DEBUG_INFO = NO;
				MTL_FAST_MATH = YES;
				SDKROOT = iphoneos;
				SWIFT_COMPILATION_MODE = wholemodule;
				VALIDATE_PRODUCT = YES;
			};
			name = Release;
		};
		7EB68F882DAE05BC00DA0EDC /* Debug */ = {
			isa = XCBuildConfiguration;
			buildSettings = {
				ASSETCATALOG_COMPILER_APPICON_NAME = AppIcon;
				ASSETCATALOG_COMPILER_GLOBAL_ACCENT_COLOR_NAME = AccentColor;
				CODE_SIGN_STYLE = Automatic;
				CURRENT_PROJECT_VERSION = 1;
				DEVELOPMENT_TEAM = 3F8C4P2T95;
				GENERATE_INFOPLIST_FILE = YES;
				INFOPLIST_FILE = Trustify/Info.plist;
				INFOPLIST_KEY_UIApplicationSupportsIndirectInputEvents = YES;
				INFOPLIST_KEY_UILaunchStoryboardName = LaunchScreen;
				INFOPLIST_KEY_UISupportedInterfaceOrientations_iPad = "UIInterfaceOrientationPortrait UIInterfaceOrientationPortraitUpsideDown UIInterfaceOrientationLandscapeLeft UIInterfaceOrientationLandscapeRight";
				INFOPLIST_KEY_UISupportedInterfaceOrientations_iPhone = "UIInterfaceOrientationPortrait UIInterfaceOrientationLandscapeLeft UIInterfaceOrientationLandscapeRight";
				LD_RUNPATH_SEARCH_PATHS = (
					"$(inherited)",
					"@executable_path/Frameworks",
				);
				MARKETING_VERSION = 1.0;
				PRODUCT_BUNDLE_IDENTIFIER = com.Trustify;
				PRODUCT_NAME = "$(TARGET_NAME)";
				SWIFT_EMIT_LOC_STRINGS = YES;
				SWIFT_VERSION = 5.0;
				TARGETED_DEVICE_FAMILY = "1,2";
			};
			name = Debug;
		};
		7EB68F892DAE05BC00DA0EDC /* Release */ = {
			isa = XCBuildConfiguration;
			buildSettings = {
				ASSETCATALOG_COMPILER_APPICON_NAME = AppIcon;
				ASSETCATALOG_COMPILER_GLOBAL_ACCENT_COLOR_NAME = AccentColor;
				CODE_SIGN_STYLE = Automatic;
				CURRENT_PROJECT_VERSION = 1;
				DEVELOPMENT_TEAM = 3F8C4P2T95;
				GENERATE_INFOPLIST_FILE = YES;
				INFOPLIST_FILE = Trustify/Info.plist;
				INFOPLIST_KEY_UIApplicationSupportsIndirectInputEvents = YES;
				INFOPLIST_KEY_UILaunchStoryboardName = LaunchScreen;
				INFOPLIST_KEY_UISupportedInterfaceOrientations_iPad = "UIInterfaceOrientationPortrait UIInterfaceOrientationPortraitUpsideDown UIInterfaceOrientationLandscapeLeft UIInterfaceOrientationLandscapeRight";
				INFOPLIST_KEY_UISupportedInterfaceOrientations_iPhone = "UIInterfaceOrientationPortrait UIInterfaceOrientationLandscapeLeft UIInterfaceOrientationLandscapeRight";
				LD_RUNPATH_SEARCH_PATHS = (
					"$(inherited)",
					"@executable_path/Frameworks",
				);
				MARKETING_VERSION = 1.0;
				PRODUCT_BUNDLE_IDENTIFIER = com.Trustify;
				PRODUCT_NAME = "$(TARGET_NAME)";
				SWIFT_EMIT_LOC_STRINGS = YES;
				SWIFT_VERSION = 5.0;
				TARGETED_DEVICE_FAMILY = "1,2";
			};
			name = Release;
		};
		7EB68F8B2DAE05BC00DA0EDC /* Debug */ = {
			isa = XCBuildConfiguration;
			buildSettings = {
				ALWAYS_EMBED_SWIFT_STANDARD_LIBRARIES = YES;
				BUNDLE_LOADER = "$(TEST_HOST)";
				CODE_SIGN_STYLE = Automatic;
				CURRENT_PROJECT_VERSION = 1;
				DEVELOPMENT_TEAM = 3F8C4P2T95;
				GENERATE_INFOPLIST_FILE = YES;
				IPHONEOS_DEPLOYMENT_TARGET = 17.2;
				MARKETING_VERSION = 1.0;
				PRODUCT_BUNDLE_IDENTIFIER = com.TrustifyTests;
				PRODUCT_NAME = "$(TARGET_NAME)";
				SWIFT_EMIT_LOC_STRINGS = NO;
				SWIFT_VERSION = 5.0;
				TARGETED_DEVICE_FAMILY = "1,2";
				TEST_HOST = "$(BUILT_PRODUCTS_DIR)/Trustify.app/$(BUNDLE_EXECUTABLE_FOLDER_PATH)/Trustify";
			};
			name = Debug;
		};
		7EB68F8C2DAE05BC00DA0EDC /* Release */ = {
			isa = XCBuildConfiguration;
			buildSettings = {
				ALWAYS_EMBED_SWIFT_STANDARD_LIBRARIES = YES;
				BUNDLE_LOADER = "$(TEST_HOST)";
				CODE_SIGN_STYLE = Automatic;
				CURRENT_PROJECT_VERSION = 1;
				DEVELOPMENT_TEAM = 3F8C4P2T95;
				GENERATE_INFOPLIST_FILE = YES;
				IPHONEOS_DEPLOYMENT_TARGET = 17.2;
				MARKETING_VERSION = 1.0;
				PRODUCT_BUNDLE_IDENTIFIER = com.TrustifyTests;
				PRODUCT_NAME = "$(TARGET_NAME)";
				SWIFT_EMIT_LOC_STRINGS = NO;
				SWIFT_VERSION = 5.0;
				TARGETED_DEVICE_FAMILY = "1,2";
				TEST_HOST = "$(BUILT_PRODUCTS_DIR)/Trustify.app/$(BUNDLE_EXECUTABLE_FOLDER_PATH)/Trustify";
			};
			name = Release;
		};
		7EB68F8E2DAE05BC00DA0EDC /* Debug */ = {
			isa = XCBuildConfiguration;
			buildSettings = {
				ALWAYS_EMBED_SWIFT_STANDARD_LIBRARIES = YES;
				CODE_SIGN_STYLE = Automatic;
				CURRENT_PROJECT_VERSION = 1;
				DEVELOPMENT_TEAM = 3F8C4P2T95;
				GENERATE_INFOPLIST_FILE = YES;
				MARKETING_VERSION = 1.0;
				PRODUCT_BUNDLE_IDENTIFIER = com.TrustifyUITests;
				PRODUCT_NAME = "$(TARGET_NAME)";
				SWIFT_EMIT_LOC_STRINGS = NO;
				SWIFT_VERSION = 5.0;
				TARGETED_DEVICE_FAMILY = "1,2";
				TEST_TARGET_NAME = Trustify;
			};
			name = Debug;
		};
		7EB68F8F2DAE05BC00DA0EDC /* Release */ = {
			isa = XCBuildConfiguration;
			buildSettings = {
				ALWAYS_EMBED_SWIFT_STANDARD_LIBRARIES = YES;
				CODE_SIGN_STYLE = Automatic;
				CURRENT_PROJECT_VERSION = 1;
				DEVELOPMENT_TEAM = 3F8C4P2T95;
				GENERATE_INFOPLIST_FILE = YES;
				MARKETING_VERSION = 1.0;
				PRODUCT_BUNDLE_IDENTIFIER = com.TrustifyUITests;
				PRODUCT_NAME = "$(TARGET_NAME)";
				SWIFT_EMIT_LOC_STRINGS = NO;
				SWIFT_VERSION = 5.0;
				TARGETED_DEVICE_FAMILY = "1,2";
				TEST_TARGET_NAME = Trustify;
			};
			name = Release;
		};
/* End XCBuildConfiguration section */

/* Begin XCConfigurationList section */
		7EB68F582DAE05BA00DA0EDC /* Build configuration list for PBXProject "Trustify" */ = {
			isa = XCConfigurationList;
			buildConfigurations = (
				7EB68F852DAE05BC00DA0EDC /* Debug */,
				7EB68F862DAE05BC00DA0EDC /* Release */,
			);
			defaultConfigurationIsVisible = 0;
			defaultConfigurationName = Release;
		};
		7EB68F872DAE05BC00DA0EDC /* Build configuration list for PBXNativeTarget "Trustify" */ = {
			isa = XCConfigurationList;
			buildConfigurations = (
				7EB68F882DAE05BC00DA0EDC /* Debug */,
				7EB68F892DAE05BC00DA0EDC /* Release */,
			);
			defaultConfigurationIsVisible = 0;
			defaultConfigurationName = Release;
		};
		7EB68F8A2DAE05BC00DA0EDC /* Build configuration list for PBXNativeTarget "TrustifyTests" */ = {
			isa = XCConfigurationList;
			buildConfigurations = (
				7EB68F8B2DAE05BC00DA0EDC /* Debug */,
				7EB68F8C2DAE05BC00DA0EDC /* Release */,
			);
			defaultConfigurationIsVisible = 0;
			defaultConfigurationName = Release;
		};
		7EB68F8D2DAE05BC00DA0EDC /* Build configuration list for PBXNativeTarget "TrustifyUITests" */ = {
			isa = XCConfigurationList;
			buildConfigurations = (
				7EB68F8E2DAE05BC00DA0EDC /* Debug */,
				7EB68F8F2DAE05BC00DA0EDC /* Release */,
			);
			defaultConfigurationIsVisible = 0;
			defaultConfigurationName = Release;
		};
/* End XCConfigurationList section */

/* Begin XCLocalSwiftPackageReference section */
		7E4452112DAE2E1600A47160 /* XCLocalSwiftPackageReference "../trustify-claim" */ = {
			isa = XCLocalSwiftPackageReference;
			relativePath = "../trustify-claim";
		};
/* End XCLocalSwiftPackageReference section */

/* Begin XCSwiftPackageProductDependency section */
		7E712B752DAE31F5002A7449 /* TrustifyClaim */ = {
			isa = XCSwiftPackageProductDependency;
			productName = TrustifyClaim;
		};
/* End XCSwiftPackageProductDependency section */
	};
	rootObject = 7EB68F552DAE05BA00DA0EDC /* Project object */;
}
